
Microsoft Visual Studio Solution File, Format Version 12.00
# Visual Studio Version 17
VisualStudioVersion = 17.5.33502.453
MinimumVisualStudioVersion = 10.0.40219.1
Project("{FAE04EC0-301F-11D3-BF4B-00C04F79EFBC}") = "eTicket", "eTicket\eTicket.csproj", "{02AD9C14-4767-4364-B9FD-AECD2415603E}"
EndProject
Global
	GlobalSection(SolutionConfigurationPlatforms) = preSolution
		Debug|Any CPU = Debug|Any CPU
		Release|Any CPU = Release|Any CPU
	EndGlobalSection
	GlobalSection(ProjectConfigurationPlatforms) = postSolution
		{02AD9C14-4767-4364-B9FD-AECD2415603E}.Debug|Any CPU.ActiveCfg = Debug|Any CPU
		{02AD9C14-4767-4364-B9FD-AECD2415603E}.Debug|Any CPU.Build.0 = Debug|Any CPU
		{02AD9C14-4767-4364-B9FD-AECD2415603E}.Release|Any CPU.ActiveCfg = Release|Any CPU
		{02AD9C14-4767-4364-B9FD-AECD2415603E}.Release|Any CPU.Build.0 = Release|Any CPU
	EndGlobalSection
	GlobalSection(SolutionProperties) = preSolution
		HideSolutionNode = FALSE
	EndGlobalSection
	GlobalSection(ExtensibilityGlobals) = postSolution
		SolutionGuid = {E7333359-B3F4-4857-9940-C3B8555A4A00}
	EndGlobalSection
EndGlobal
